
Microsoft Visual Studio Solution File, Format Version 12.00
# Visual Studio Version 16
VisualStudioVersion = 16.0.29215.179
MinimumVisualStudioVersion = 10.0.40219.1
Project("{9A19103F-16F7-4668-BE54-9A1E7A4F7556}") = "SlimMediator", "SlimMediator\SlimMediator.csproj", "{D53CEB69-6095-445C-923D-CD323A38D7B6}"
EndProject
Project("{9A19103F-16F7-4668-BE54-9A1E7A4F7556}") = "SlimMediator.Tests", "SlimMediator.Tests\SlimMediator.Tests.csproj", "{E33B9DBC-69C7-4D0D-8F9E-6A970FC6DD81}"
EndProject
Project("{FAE04EC0-301F-11D3-BF4B-00C04F79EFBC}") = "SlimMediator.Microsoft.Extensions.DependencyInjection", "SlimMediator.Microsoft.Extensions.DependencyInjection\SlimMediator.Microsoft.Extensions.DependencyInjection.csproj", "{3FAECC0C-C2E3-49B9-B722-544C3C4939FA}"
EndProject
Project("{FAE04EC0-301F-11D3-BF4B-00C04F79EFBC}") = "SlimMediator.Ninject", "SlimMediator.Ninject\SlimMediator.Ninject.csproj", "{1A32F534-A657-4D16-A5E1-06EB6479998C}"
EndProject
Global
	GlobalSection(SolutionConfigurationPlatforms) = preSolution
		Debug|Any CPU = Debug|Any CPU
		Release|Any CPU = Release|Any CPU
	EndGlobalSection
	GlobalSection(ProjectConfigurationPlatforms) = postSolution
		{D53CEB69-6095-445C-923D-CD323A38D7B6}.Debug|Any CPU.ActiveCfg = Debug|Any CPU
		{D53CEB69-6095-445C-923D-CD323A38D7B6}.Debug|Any CPU.Build.0 = Debug|Any CPU
		{D53CEB69-6095-445C-923D-CD323A38D7B6}.Release|Any CPU.ActiveCfg = Release|Any CPU
		{D53CEB69-6095-445C-923D-CD323A38D7B6}.Release|Any CPU.Build.0 = Release|Any CPU
		{E33B9DBC-69C7-4D0D-8F9E-6A970FC6DD81}.Debug|Any CPU.ActiveCfg = Debug|Any CPU
		{E33B9DBC-69C7-4D0D-8F9E-6A970FC6DD81}.Debug|Any CPU.Build.0 = Debug|Any CPU
		{E33B9DBC-69C7-4D0D-8F9E-6A970FC6DD81}.Release|Any CPU.ActiveCfg = Release|Any CPU
		{E33B9DBC-69C7-4D0D-8F9E-6A970FC6DD81}.Release|Any CPU.Build.0 = Release|Any CPU
		{3FAECC0C-C2E3-49B9-B722-544C3C4939FA}.Debug|Any CPU.ActiveCfg = Debug|Any CPU
		{3FAECC0C-C2E3-49B9-B722-544C3C4939FA}.Debug|Any CPU.Build.0 = Debug|Any CPU
		{3FAECC0C-C2E3-49B9-B722-544C3C4939FA}.Release|Any CPU.ActiveCfg = Release|Any CPU
		{3FAECC0C-C2E3-49B9-B722-544C3C4939FA}.Release|Any CPU.Build.0 = Release|Any CPU
		{1A32F534-A657-4D16-A5E1-06EB6479998C}.Debug|Any CPU.ActiveCfg = Debug|Any CPU
		{1A32F534-A657-4D16-A5E1-06EB6479998C}.Debug|Any CPU.Build.0 = Debug|Any CPU
		{1A32F534-A657-4D16-A5E1-06EB6479998C}.Release|Any CPU.ActiveCfg = Release|Any CPU
		{1A32F534-A657-4D16-A5E1-06EB6479998C}.Release|Any CPU.Build.0 = Release|Any CPU
	EndGlobalSection
	GlobalSection(SolutionProperties) = preSolution
		HideSolutionNode = FALSE
	EndGlobalSection
	GlobalSection(ExtensibilityGlobals) = postSolution
		SolutionGuid = {81CAC5BD-9085-441F-851F-807B47AA5702}
	EndGlobalSection
EndGlobal
